// !$*UTF8*$!
{
	archiveVersion = 1;
	classes = {
	};
	objectVersion = 50;
	objects = {

/* Begin PBXBuildFile section */
		4E6FFB8E23298F9A003E7822 /* AppDelegate.swift in Sources */ = {isa = PBXBuildFile; fileRef = 4E6FFB8D23298F9A003E7822 /* AppDelegate.swift */; };
		4E6FFB9023298F9A003E7822 /* ViewController.swift in Sources */ = {isa = PBXBuildFile; fileRef = 4E6FFB8F23298F9A003E7822 /* ViewController.swift */; };
		4E6FFB9323298F9A003E7822 /* Main.storyboard in Resources */ = {isa = PBXBuildFile; fileRef = 4E6FFB9123298F9A003E7822 /* Main.storyboard */; };
		4E6FFB9523298F9B003E7822 /* Assets.xcassets in Resources */ = {isa = PBXBuildFile; fileRef = 4E6FFB9423298F9B003E7822 /* Assets.xcassets */; };
		4E6FFB9823298F9B003E7822 /* LaunchScreen.storyboard in Resources */ = {isa = PBXBuildFile; fileRef = 4E6FFB9623298F9B003E7822 /* LaunchScreen.storyboard */; };
		4E6FFBA323298F9B003E7822 /* unit3projectTests.swift in Sources */ = {isa = PBXBuildFile; fileRef = 4E6FFBA223298F9B003E7822 /* unit3projectTests.swift */; };
		4E6FFBB02329912C003E7822 /* ShowTableViewCell.swift in Sources */ = {isa = PBXBuildFile; fileRef = 4E6FFBAF2329912C003E7822 /* ShowTableViewCell.swift */; };
		4E6FFBB223299180003E7822 /* ShowDetailTableViewCell.swift in Sources */ = {isa = PBXBuildFile; fileRef = 4E6FFBB123299180003E7822 /* ShowDetailTableViewCell.swift */; };
		4E6FFBB6232991DF003E7822 /* tvShowModel.swift in Sources */ = {isa = PBXBuildFile; fileRef = 4E6FFBB5232991DF003E7822 /* tvShowModel.swift */; };
		4E6FFBB8232991F8003E7822 /* episodeModel.swift in Sources */ = {isa = PBXBuildFile; fileRef = 4E6FFBB7232991F8003E7822 /* episodeModel.swift */; };
		4E6FFBBA23299618003E7822 /* ShowDetailTableViewController.swift in Sources */ = {isa = PBXBuildFile; fileRef = 4E6FFBB923299618003E7822 /* ShowDetailTableViewController.swift */; };
		4E6FFBBC23299664003E7822 /* EpisodeViewController.swift in Sources */ = {isa = PBXBuildFile; fileRef = 4E6FFBBB23299664003E7822 /* EpisodeViewController.swift */; };
		4E6FFBBF2329A354003E7822 /* ShowAPIManager.swift in Sources */ = {isa = PBXBuildFile; fileRef = 4E6FFBBE2329A354003E7822 /* ShowAPIManager.swift */; };
		4E6FFBC12329A366003E7822 /* ImageHelper.swift in Sources */ = {isa = PBXBuildFile; fileRef = 4E6FFBC02329A366003E7822 /* ImageHelper.swift */; };
		4E6FFBCA232AF29F003E7822 /* EpisodeApiManager.swift in Sources */ = {isa = PBXBuildFile; fileRef = 4E6FFBC9232AF29F003E7822 /* EpisodeApiManager.swift */; };
/* End PBXBuildFile section */

/* Begin PBXContainerItemProxy section */
		4E6FFB9F23298F9B003E7822 /* PBXContainerItemProxy */ = {
			isa = PBXContainerItemProxy;
			containerPortal = 4E6FFB8223298F9A003E7822 /* Project object */;
			proxyType = 1;
			remoteGlobalIDString = 4E6FFB8923298F9A003E7822;
			remoteInfo = unit3project;
		};
/* End PBXContainerItemProxy section */

/* Begin PBXFileReference section */
		4E6FFB8A23298F9A003E7822 /* unit3project.app */ = {isa = PBXFileReference; explicitFileType = wrapper.application; includeInIndex = 0; path = unit3project.app; sourceTree = BUILT_PRODUCTS_DIR; };
		4E6FFB8D23298F9A003E7822 /* AppDelegate.swift */ = {isa = PBXFileReference; lastKnownFileType = sourcecode.swift; path = AppDelegate.swift; sourceTree = "<group>"; };
		4E6FFB8F23298F9A003E7822 /* ViewController.swift */ = {isa = PBXFileReference; lastKnownFileType = sourcecode.swift; path = ViewController.swift; sourceTree = "<group>"; };
		4E6FFB9223298F9A003E7822 /* Base */ = {isa = PBXFileReference; lastKnownFileType = file.storyboard; name = Base; path = Base.lproj/Main.storyboard; sourceTree = "<group>"; };
		4E6FFB9423298F9B003E7822 /* Assets.xcassets */ = {isa = PBXFileReference; lastKnownFileType = folder.assetcatalog; path = Assets.xcassets; sourceTree = "<group>"; };
		4E6FFB9723298F9B003E7822 /* Base */ = {isa = PBXFileReference; lastKnownFileType = file.storyboard; name = Base; path = Base.lproj/LaunchScreen.storyboard; sourceTree = "<group>"; };
		4E6FFB9923298F9B003E7822 /* Info.plist */ = {isa = PBXFileReference; lastKnownFileType = text.plist.xml; path = Info.plist; sourceTree = "<group>"; };
		4E6FFB9E23298F9B003E7822 /* unit3projectTests.xctest */ = {isa = PBXFileReference; explicitFileType = wrapper.cfbundle; includeInIndex = 0; path = unit3projectTests.xctest; sourceTree = BUILT_PRODUCTS_DIR; };
		4E6FFBA223298F9B003E7822 /* unit3projectTests.swift */ = {isa = PBXFileReference; lastKnownFileType = sourcecode.swift; path = unit3projectTests.swift; sourceTree = "<group>"; };
		4E6FFBA423298F9B003E7822 /* Info.plist */ = {isa = PBXFileReference; lastKnownFileType = text.plist.xml; path = Info.plist; sourceTree = "<group>"; };
		4E6FFBAF2329912C003E7822 /* ShowTableViewCell.swift */ = {isa = PBXFileReference; lastKnownFileType = sourcecode.swift; path = ShowTableViewCell.swift; sourceTree = "<group>"; };
		4E6FFBB123299180003E7822 /* ShowDetailTableViewCell.swift */ = {isa = PBXFileReference; lastKnownFileType = sourcecode.swift; path = ShowDetailTableViewCell.swift; sourceTree = "<group>"; };
		4E6FFBB5232991DF003E7822 /* tvShowModel.swift */ = {isa = PBXFileReference; lastKnownFileType = sourcecode.swift; path = tvShowModel.swift; sourceTree = "<group>"; };
		4E6FFBB7232991F8003E7822 /* episodeModel.swift */ = {isa = PBXFileReference; lastKnownFileType = sourcecode.swift; path = episodeModel.swift; sourceTree = "<group>"; };
		4E6FFBB923299618003E7822 /* ShowDetailTableViewController.swift */ = {isa = PBXFileReference; lastKnownFileType = sourcecode.swift; path = ShowDetailTableViewController.swift; sourceTree = "<group>"; };
		4E6FFBBB23299664003E7822 /* EpisodeViewController.swift */ = {isa = PBXFileReference; lastKnownFileType = sourcecode.swift; path = EpisodeViewController.swift; sourceTree = "<group>"; };
		4E6FFBBE2329A354003E7822 /* ShowAPIManager.swift */ = {isa = PBXFileReference; lastKnownFileType = sourcecode.swift; path = ShowAPIManager.swift; sourceTree = "<group>"; };
		4E6FFBC02329A366003E7822 /* ImageHelper.swift */ = {isa = PBXFileReference; lastKnownFileType = sourcecode.swift; path = ImageHelper.swift; sourceTree = "<group>"; };
		4E6FFBC9232AF29F003E7822 /* EpisodeApiManager.swift */ = {isa = PBXFileReference; lastKnownFileType = sourcecode.swift; path = EpisodeApiManager.swift; sourceTree = "<group>"; };
/* End PBXFileReference section */

/* Begin PBXFrameworksBuildPhase section */
		4E6FFB8723298F9A003E7822 /* Frameworks */ = {
			isa = PBXFrameworksBuildPhase;
			buildActionMask = 2147483647;
			files = (
			);
			runOnlyForDeploymentPostprocessing = 0;
		};
		4E6FFB9B23298F9B003E7822 /* Frameworks */ = {
			isa = PBXFrameworksBuildPhase;
			buildActionMask = 2147483647;
			files = (
			);
			runOnlyForDeploymentPostprocessing = 0;
		};
/* End PBXFrameworksBuildPhase section */

/* Begin PBXGroup section */
		4E6FFB8123298F9A003E7822 = {
			isa = PBXGroup;
			children = (
				4E6FFB8C23298F9A003E7822 /* unit3project */,
				4E6FFBA123298F9B003E7822 /* unit3projectTests */,
				4E6FFB8B23298F9A003E7822 /* Products */,
			);
			sourceTree = "<group>";
		};
		4E6FFB8B23298F9A003E7822 /* Products */ = {
			isa = PBXGroup;
			children = (
				4E6FFB8A23298F9A003E7822 /* unit3project.app */,
				4E6FFB9E23298F9B003E7822 /* unit3projectTests.xctest */,
			);
			name = Products;
			sourceTree = "<group>";
		};
		4E6FFB8C23298F9A003E7822 /* unit3project */ = {
			isa = PBXGroup;
			children = (
				4E6FFB9123298F9A003E7822 /* Main.storyboard */,
				4E6FFBC8232AD131003E7822 /* NetworkInfo */,
				4E6FFBB4232991AD003E7822 /* Models */,
				4E6FFBB32329918E003E7822 /* Controllers */,
				4E6FFBBD23299687003E7822 /* tableViewCells */,
				4E6FFB8D23298F9A003E7822 /* AppDelegate.swift */,
				4E6FFB9423298F9B003E7822 /* Assets.xcassets */,
				4E6FFB9623298F9B003E7822 /* LaunchScreen.storyboard */,
				4E6FFB9923298F9B003E7822 /* Info.plist */,
			);
			path = unit3project;
			sourceTree = "<group>";
		};
		4E6FFBA123298F9B003E7822 /* unit3projectTests */ = {
			isa = PBXGroup;
			children = (
				4E6FFBA223298F9B003E7822 /* unit3projectTests.swift */,
				4E6FFBA423298F9B003E7822 /* Info.plist */,
			);
			path = unit3projectTests;
			sourceTree = "<group>";
		};
		4E6FFBB32329918E003E7822 /* Controllers */ = {
			isa = PBXGroup;
			children = (
				4E6FFB8F23298F9A003E7822 /* ViewController.swift */,
				4E6FFBB923299618003E7822 /* ShowDetailTableViewController.swift */,
				4E6FFBBB23299664003E7822 /* EpisodeViewController.swift */,
			);
			path = Controllers;
			sourceTree = "<group>";
		};
		4E6FFBB4232991AD003E7822 /* Models */ = {
			isa = PBXGroup;
			children = (
				4E6FFBB5232991DF003E7822 /* tvShowModel.swift */,
				4E6FFBB7232991F8003E7822 /* episodeModel.swift */,
			);
			path = Models;
			sourceTree = "<group>";
		};
		4E6FFBBD23299687003E7822 /* tableViewCells */ = {
			isa = PBXGroup;
			children = (
				4E6FFBAF2329912C003E7822 /* ShowTableViewCell.swift */,
				4E6FFBB123299180003E7822 /* ShowDetailTableViewCell.swift */,
			);
			path = tableViewCells;
			sourceTree = "<group>";
		};
		4E6FFBC8232AD131003E7822 /* NetworkInfo */ = {
			isa = PBXGroup;
			children = (
				4E6FFBC02329A366003E7822 /* ImageHelper.swift */,
				4E6FFBBE2329A354003E7822 /* ShowAPIManager.swift */,
				4E6FFBC9232AF29F003E7822 /* EpisodeApiManager.swift */,
			);
			path = NetworkInfo;
			sourceTree = "<group>";
		};
/* End PBXGroup section */

/* Begin PBXNativeTarget section */
		4E6FFB8923298F9A003E7822 /* unit3project */ = {
			isa = PBXNativeTarget;
			buildConfigurationList = 4E6FFBA723298F9B003E7822 /* Build configuration list for PBXNativeTarget "unit3project" */;
			buildPhases = (
				4E6FFB8623298F9A003E7822 /* Sources */,
				4E6FFB8723298F9A003E7822 /* Frameworks */,
				4E6FFB8823298F9A003E7822 /* Resources */,
			);
			buildRules = (
			);
			dependencies = (
			);
			name = unit3project;
			productName = unit3project;
			productReference = 4E6FFB8A23298F9A003E7822 /* unit3project.app */;
			productType = "com.apple.product-type.application";
		};
		4E6FFB9D23298F9B003E7822 /* unit3projectTests */ = {
			isa = PBXNativeTarget;
			buildConfigurationList = 4E6FFBAA23298F9B003E7822 /* Build configuration list for PBXNativeTarget "unit3projectTests" */;
			buildPhases = (
				4E6FFB9A23298F9B003E7822 /* Sources */,
				4E6FFB9B23298F9B003E7822 /* Frameworks */,
				4E6FFB9C23298F9B003E7822 /* Resources */,
			);
			buildRules = (
			);
			dependencies = (
				4E6FFBA023298F9B003E7822 /* PBXTargetDependency */,
			);
			name = unit3projectTests;
			productName = unit3projectTests;
			productReference = 4E6FFB9E23298F9B003E7822 /* unit3projectTests.xctest */;
			productType = "com.apple.product-type.bundle.unit-test";
		};
/* End PBXNativeTarget section */

/* Begin PBXProject section */
		4E6FFB8223298F9A003E7822 /* Project object */ = {
			isa = PBXProject;
			attributes = {
				LastSwiftUpdateCheck = 1020;
				LastUpgradeCheck = 1020;
				ORGANIZATIONNAME = "Tia Lendor";
				TargetAttributes = {
					4E6FFB8923298F9A003E7822 = {
						CreatedOnToolsVersion = 10.2.1;
					};
					4E6FFB9D23298F9B003E7822 = {
						CreatedOnToolsVersion = 10.2.1;
						TestTargetID = 4E6FFB8923298F9A003E7822;
					};
				};
			};
			buildConfigurationList = 4E6FFB8523298F9A003E7822 /* Build configuration list for PBXProject "unit3project" */;
			compatibilityVersion = "Xcode 9.3";
			developmentRegion = en;
			hasScannedForEncodings = 0;
			knownRegions = (
				en,
				Base,
			);
			mainGroup = 4E6FFB8123298F9A003E7822;
			productRefGroup = 4E6FFB8B23298F9A003E7822 /* Products */;
			projectDirPath = "";
			projectRoot = "";
			targets = (
				4E6FFB8923298F9A003E7822 /* unit3project */,
				4E6FFB9D23298F9B003E7822 /* unit3projectTests */,
			);
		};
/* End PBXProject section */

/* Begin PBXResourcesBuildPhase section */
		4E6FFB8823298F9A003E7822 /* Resources */ = {
			isa = PBXResourcesBuildPhase;
			buildActionMask = 2147483647;
			files = (
				4E6FFB9823298F9B003E7822 /* LaunchScreen.storyboard in Resources */,
				4E6FFB9523298F9B003E7822 /* Assets.xcassets in Resources */,
				4E6FFB9323298F9A003E7822 /* Main.storyboard in Resources */,
			);
			runOnlyForDeploymentPostprocessing = 0;
		};
		4E6FFB9C23298F9B003E7822 /* Resources */ = {
			isa = PBXResourcesBuildPhase;
			buildActionMask = 2147483647;
			files = (
			);
			runOnlyForDeploymentPostprocessing = 0;
		};
/* End PBXResourcesBuildPhase section */

/* Begin PBXSourcesBuildPhase section */
		4E6FFB8623298F9A003E7822 /* Sources */ = {
			isa = PBXSourcesBuildPhase;
			buildActionMask = 2147483647;
			files = (
				4E6FFBB223299180003E7822 /* ShowDetailTableViewCell.swift in Sources */,
				4E6FFBC12329A366003E7822 /* ImageHelper.swift in Sources */,
				4E6FFBB02329912C003E7822 /* ShowTableViewCell.swift in Sources */,
				4E6FFB9023298F9A003E7822 /* ViewController.swift in Sources */,
				4E6FFBB6232991DF003E7822 /* tvShowModel.swift in Sources */,
				4E6FFB8E23298F9A003E7822 /* AppDelegate.swift in Sources */,
				4E6FFBBA23299618003E7822 /* ShowDetailTableViewController.swift in Sources */,
				4E6FFBBC23299664003E7822 /* EpisodeViewController.swift in Sources */,
				4E6FFBB8232991F8003E7822 /* episodeModel.swift in Sources */,
				4E6FFBBF2329A354003E7822 /* ShowAPIManager.swift in Sources */,
				4E6FFBCA232AF29F003E7822 /* EpisodeApiManager.swift in Sources */,
			);
			runOnlyForDeploymentPostprocessing = 0;
		};
		4E6FFB9A23298F9B003E7822 /* Sources */ = {
			isa = PBXSourcesBuildPhase;
			buildActionMask = 2147483647;
			files = (
				4E6FFBA323298F9B003E7822 /* unit3projectTests.swift in Sources */,
			);
			runOnlyForDeploymentPostprocessing = 0;
		};
/* End PBXSourcesBuildPhase section */

/* Begin PBXTargetDependency section */
		4E6FFBA023298F9B003E7822 /* PBXTargetDependency */ = {
			isa = PBXTargetDependency;
			target = 4E6FFB8923298F9A003E7822 /* unit3project */;
			targetProxy = 4E6FFB9F23298F9B003E7822 /* PBXContainerItemProxy */;
		};
/* End PBXTargetDependency section */

/* Begin PBXVariantGroup section */
		4E6FFB9123298F9A003E7822 /* Main.storyboard */ = {
			isa = PBXVariantGroup;
			children = (
				4E6FFB9223298F9A003E7822 /* Base */,
			);
			name = Main.storyboard;
			sourceTree = "<group>";
		};
		4E6FFB9623298F9B003E7822 /* LaunchScreen.storyboard */ = {
			isa = PBXVariantGroup;
			children = (
				4E6FFB9723298F9B003E7822 /* Base */,
			);
			name = LaunchScreen.storyboard;
			sourceTree = "<group>";
		};
/* End PBXVariantGroup section */

/* Begin XCBuildConfiguration section */
		4E6FFBA523298F9B003E7822 /* Debug */ = {
			isa = XCBuildConfiguration;
			buildSettings = {
				ALWAYS_SEARCH_USER_PATHS = NO;
				CLANG_ANALYZER_NONNULL = YES;
				CLANG_ANALYZER_NUMBER_OBJECT_CONVERSION = YES_AGGRESSIVE;
				CLANG_CXX_LANGUAGE_STANDARD = "gnu++14";
				CLANG_CXX_LIBRARY = "libc++";
				CLANG_ENABLE_MODULES = YES;
				CLANG_ENABLE_OBJC_ARC = YES;
				CLANG_ENABLE_OBJC_WEAK = YES;
				CLANG_WARN_BLOCK_CAPTURE_AUTORELEASING = YES;
				CLANG_WARN_BOOL_CONVERSION = YES;
				CLANG_WARN_COMMA = YES;
				CLANG_WARN_CONSTANT_CONVERSION = YES;
				CLANG_WARN_DEPRECATED_OBJC_IMPLEMENTATIONS = YES;
				CLANG_WARN_DIRECT_OBJC_ISA_USAGE = YES_ERROR;
				CLANG_WARN_DOCUMENTATION_COMMENTS = YES;
				CLANG_WARN_EMPTY_BODY = YES;
				CLANG_WARN_ENUM_CONVERSION = YES;
				CLANG_WARN_INFINITE_RECURSION = YES;
				CLANG_WARN_INT_CONVERSION = YES;
				CLANG_WARN_NON_LITERAL_NULL_CONVERSION = YES;
				CLANG_WARN_OBJC_IMPLICIT_RETAIN_SELF = YES;
				CLANG_WARN_OBJC_LITERAL_CONVERSION = YES;
				CLANG_WARN_OBJC_ROOT_CLASS = YES_ERROR;
				CLANG_WARN_RANGE_LOOP_ANALYSIS = YES;
				CLANG_WARN_STRICT_PROTOTYPES = YES;
				CLANG_WARN_SUSPICIOUS_MOVE = YES;
				CLANG_WARN_UNGUARDED_AVAILABILITY = YES_AGGRESSIVE;
				CLANG_WARN_UNREACHABLE_CODE = YES;
				CLANG_WARN__DUPLICATE_METHOD_MATCH = YES;
				CODE_SIGN_IDENTITY = "iPhone Developer";
				COPY_PHASE_STRIP = NO;
				DEBUG_INFORMATION_FORMAT = dwarf;
				ENABLE_STRICT_OBJC_MSGSEND = YES;
				ENABLE_TESTABILITY = YES;
				GCC_C_LANGUAGE_STANDARD = gnu11;
				GCC_DYNAMIC_NO_PIC = NO;
				GCC_NO_COMMON_BLOCKS = YES;
				GCC_OPTIMIZATION_LEVEL = 0;
				GCC_PREPROCESSOR_DEFINITIONS = (
					"DEBUG=1",
					"$(inherited)",
				);
				GCC_WARN_64_TO_32_BIT_CONVERSION = YES;
				GCC_WARN_ABOUT_RETURN_TYPE = YES_ERROR;
				GCC_WARN_UNDECLARED_SELECTOR = YES;
				GCC_WARN_UNINITIALIZED_AUTOS = YES_AGGRESSIVE;
				GCC_WARN_UNUSED_FUNCTION = YES;
				GCC_WARN_UNUSED_VARIABLE = YES;
				IPHONEOS_DEPLOYMENT_TARGET = 12.2;
				MTL_ENABLE_DEBUG_INFO = INCLUDE_SOURCE;
				MTL_FAST_MATH = YES;
				ONLY_ACTIVE_ARCH = YES;
				SDKROOT = iphoneos;
				SWIFT_ACTIVE_COMPILATION_CONDITIONS = DEBUG;
				SWIFT_OPTIMIZATION_LEVEL = "-Onone";
			};
			name = Debug;
		};
		4E6FFBA623298F9B003E7822 /* Release */ = {
			isa = XCBuildConfiguration;
			buildSettings = {
				ALWAYS_SEARCH_USER_PATHS = NO;
				CLANG_ANALYZER_NONNULL = YES;
				CLANG_ANALYZER_NUMBER_OBJECT_CONVERSION = YES_AGGRESSIVE;
				CLANG_CXX_LANGUAGE_STANDARD = "gnu++14";
				CLANG_CXX_LIBRARY = "libc++";
				CLANG_ENABLE_MODULES = YES;
				CLANG_ENABLE_OBJC_ARC = YES;
				CLANG_ENABLE_OBJC_WEAK = YES;
				CLANG_WARN_BLOCK_CAPTURE_AUTORELEASING = YES;
				CLANG_WARN_BOOL_CONVERSION = YES;
				CLANG_WARN_COMMA = YES;
				CLANG_WARN_CONSTANT_CONVERSION = YES;
				CLANG_WARN_DEPRECATED_OBJC_IMPLEMENTATIONS = YES;
				CLANG_WARN_DIRECT_OBJC_ISA_USAGE = YES_ERROR;
				CLANG_WARN_DOCUMENTATION_COMMENTS = YES;
				CLANG_WARN_EMPTY_BODY = YES;
				CLANG_WARN_ENUM_CONVERSION = YES;
				CLANG_WARN_INFINITE_RECURSION = YES;
				CLANG_WARN_INT_CONVERSION = YES;
				CLANG_WARN_NON_LITERAL_NULL_CONVERSION = YES;
				CLANG_WARN_OBJC_IMPLICIT_RETAIN_SELF = YES;
				CLANG_WARN_OBJC_LITERAL_CONVERSION = YES;
				CLANG_WARN_OBJC_ROOT_CLASS = YES_ERROR;
				CLANG_WARN_RANGE_LOOP_ANALYSIS = YES;
				CLANG_WARN_STRICT_PROTOTYPES = YES;
				CLANG_WARN_SUSPICIOUS_MOVE = YES;
				CLANG_WARN_UNGUARDED_AVAILABILITY = YES_AGGRESSIVE;
				CLANG_WARN_UNREACHABLE_CODE = YES;
				CLANG_WARN__DUPLICATE_METHOD_MATCH = YES;
				CODE_SIGN_IDENTITY = "iPhone Developer";
				COPY_PHASE_STRIP = NO;
				DEBUG_INFORMATION_FORMAT = "dwarf-with-dsym";
				ENABLE_NS_ASSERTIONS = NO;
				ENABLE_STRICT_OBJC_MSGSEND = YES;
				GCC_C_LANGUAGE_STANDARD = gnu11;
				GCC_NO_COMMON_BLOCKS = YES;
				GCC_WARN_64_TO_32_BIT_CONVERSION = YES;
				GCC_WARN_ABOUT_RETURN_TYPE = YES_ERROR;
				GCC_WARN_UNDECLARED_SELECTOR = YES;
				GCC_WARN_UNINITIALIZED_AUTOS = YES_AGGRESSIVE;
				GCC_WARN_UNUSED_FUNCTION = YES;
				GCC_WARN_UNUSED_VARIABLE = YES;
				IPHONEOS_DEPLOYMENT_TARGET = 12.2;
				MTL_ENABLE_DEBUG_INFO = NO;
				MTL_FAST_MATH = YES;
				SDKROOT = iphoneos;
				SWIFT_COMPILATION_MODE = wholemodule;
				SWIFT_OPTIMIZATION_LEVEL = "-O";
				VALIDATE_PRODUCT = YES;
			};
			name = Release;
		};
		4E6FFBA823298F9B003E7822 /* Debug */ = {
			isa = XCBuildConfiguration;
			buildSettings = {
				ASSETCATALOG_COMPILER_APPICON_NAME = AppIcon;
				CODE_SIGN_STYLE = Automatic;
				INFOPLIST_FILE = unit3project/Info.plist;
				LD_RUNPATH_SEARCH_PATHS = (
					"$(inherited)",
					"@executable_path/Frameworks",
				);
				PRODUCT_BUNDLE_IDENTIFIER = tikiproductions.unit3project;
				PRODUCT_NAME = "$(TARGET_NAME)";
				SWIFT_VERSION = 5.0;
				TARGETED_DEVICE_FAMILY = "1,2";
			};
			name = Debug;
		};
		4E6FFBA923298F9B003E7822 /* Release */ = {
			isa = XCBuildConfiguration;
			buildSettings = {
				ASSETCATALOG_COMPILER_APPICON_NAME = AppIcon;
				CODE_SIGN_STYLE = Automatic;
				INFOPLIST_FILE = unit3project/Info.plist;
				LD_RUNPATH_SEARCH_PATHS = (
					"$(inherited)",
					"@executable_path/Frameworks",
				);
				PRODUCT_BUNDLE_IDENTIFIER = tikiproductions.unit3project;
				PRODUCT_NAME = "$(TARGET_NAME)";
				SWIFT_VERSION = 5.0;
				TARGETED_DEVICE_FAMILY = "1,2";
			};
			name = Release;
		};
		4E6FFBAB23298F9B003E7822 /* Debug */ = {
			isa = XCBuildConfiguration;
			buildSettings = {
				ALWAYS_EMBED_SWIFT_STANDARD_LIBRARIES = YES;
				BUNDLE_LOADER = "$(TEST_HOST)";
				CODE_SIGN_STYLE = Automatic;
				INFOPLIST_FILE = unit3projectTests/Info.plist;
				LD_RUNPATH_SEARCH_PATHS = (
					"$(inherited)",
					"@executable_path/Frameworks",
					"@loader_path/Frameworks",
				);
				PRODUCT_BUNDLE_IDENTIFIER = tikiproductions.unit3projectTests;
				PRODUCT_NAME = "$(TARGET_NAME)";
				SWIFT_VERSION = 5.0;
				TARGETED_DEVICE_FAMILY = "1,2";
				TEST_HOST = "$(BUILT_PRODUCTS_DIR)/unit3project.app/unit3project";
			};
			name = Debug;
		};
		4E6FFBAC23298F9B003E7822 /* Release */ = {
			isa = XCBuildConfiguration;
			buildSettings = {
				ALWAYS_EMBED_SWIFT_STANDARD_LIBRARIES = YES;
				BUNDLE_LOADER = "$(TEST_HOST)";
				CODE_SIGN_STYLE = Automatic;
				INFOPLIST_FILE = unit3projectTests/Info.plist;
				LD_RUNPATH_SEARCH_PATHS = (
					"$(inherited)",
					"@executable_path/Frameworks",
					"@loader_path/Frameworks",
				);
				PRODUCT_BUNDLE_IDENTIFIER = tikiproductions.unit3projectTests;
				PRODUCT_NAME = "$(TARGET_NAME)";
				SWIFT_VERSION = 5.0;
				TARGETED_DEVICE_FAMILY = "1,2";
				TEST_HOST = "$(BUILT_PRODUCTS_DIR)/unit3project.app/unit3project";
			};
			name = Release;
		};
/* End XCBuildConfiguration section */

/* Begin XCConfigurationList section */
		4E6FFB8523298F9A003E7822 /* Build configuration list for PBXProject "unit3project" */ = {
			isa = XCConfigurationList;
			buildConfigurations = (
				4E6FFBA523298F9B003E7822 /* Debug */,
				4E6FFBA623298F9B003E7822 /* Release */,
			);
			defaultConfigurationIsVisible = 0;
			defaultConfigurationName = Release;
		};
		4E6FFBA723298F9B003E7822 /* Build configuration list for PBXNativeTarget "unit3project" */ = {
			isa = XCConfigurationList;
			buildConfigurations = (
				4E6FFBA823298F9B003E7822 /* Debug */,
				4E6FFBA923298F9B003E7822 /* Release */,
			);
			defaultConfigurationIsVisible = 0;
			defaultConfigurationName = Release;
		};
		4E6FFBAA23298F9B003E7822 /* Build configuration list for PBXNativeTarget "unit3projectTests" */ = {
			isa = XCConfigurationList;
			buildConfigurations = (
				4E6FFBAB23298F9B003E7822 /* Debug */,
				4E6FFBAC23298F9B003E7822 /* Release */,
			);
			defaultConfigurationIsVisible = 0;
			defaultConfigurationName = Release;
		};
/* End XCConfigurationList section */
	};
	rootObject = 4E6FFB8223298F9A003E7822 /* Project object */;
}
